// !$*UTF8*$!
{
	archiveVersion = 1;
	classes = {
	};
	objectVersion = 50;
	objects = {

/* Begin PBXBuildFile section */
		4F38E207BDA38843F168502F /* Pods_ImageExport.framework in Frameworks */ = {isa = PBXBuildFile; fileRef = FA7BEAF64A190F763D1D3700 /* Pods_ImageExport.framework */; };
		9F12923C2139758A0028928D /* AppDelegate.swift in Sources */ = {isa = PBXBuildFile; fileRef = 9F12923B2139758A0028928D /* AppDelegate.swift */; };
		9F12923E2139758A0028928D /* ViewController.swift in Sources */ = {isa = PBXBuildFile; fileRef = 9F12923D2139758A0028928D /* ViewController.swift */; };
		9F1292412139758A0028928D /* Main.storyboard in Resources */ = {isa = PBXBuildFile; fileRef = 9F12923F2139758A0028928D /* Main.storyboard */; };
		9F1292442139758A0028928D /* ImageExportExtension.xcdatamodeld in Sources */ = {isa = PBXBuildFile; fileRef = 9F1292422139758A0028928D /* ImageExportExtension.xcdatamodeld */; };
		9F1292462139758C0028928D /* Assets.xcassets in Resources */ = {isa = PBXBuildFile; fileRef = 9F1292452139758C0028928D /* Assets.xcassets */; };
		9F1292492139758C0028928D /* LaunchScreen.storyboard in Resources */ = {isa = PBXBuildFile; fileRef = 9F1292472139758C0028928D /* LaunchScreen.storyboard */; };
		9F129257213975B90028928D /* ShareViewController.swift in Sources */ = {isa = PBXBuildFile; fileRef = 9F129256213975B90028928D /* ShareViewController.swift */; };
		9F12925A213975B90028928D /* MainInterface.storyboard in Resources */ = {isa = PBXBuildFile; fileRef = 9F129258213975B90028928D /* MainInterface.storyboard */; };
		9F12925E213975B90028928D /* ImageExport.appex in Embed App Extensions */ = {isa = PBXBuildFile; fileRef = 9F129254213975B90028928D /* ImageExport.appex */; settings = {ATTRIBUTES = (RemoveHeadersOnCopy, ); }; };
		B82CA0380FAAF2C3E0F9F3A2 /* Pods_ImageExportExtension.framework in Frameworks */ = {isa = PBXBuildFile; fileRef = EE918E03076DE48D183ED2AC /* Pods_ImageExportExtension.framework */; };
/* End PBXBuildFile section */

/* Begin PBXContainerItemProxy section */
		9F12925C213975B90028928D /* PBXContainerItemProxy */ = {
			isa = PBXContainerItemProxy;
			containerPortal = 9F1292302139758A0028928D /* Project object */;
			proxyType = 1;
			remoteGlobalIDString = 9F129253213975B90028928D;
			remoteInfo = ImageExport;
		};
/* End PBXContainerItemProxy section */

/* Begin PBXCopyFilesBuildPhase section */
		9F129262213975B90028928D /* Embed App Extensions */ = {
			isa = PBXCopyFilesBuildPhase;
			buildActionMask = 2147483647;
			dstPath = "";
			dstSubfolderSpec = 13;
			files = (
				9F12925E213975B90028928D /* ImageExport.appex in Embed App Extensions */,
			);
			name = "Embed App Extensions";
			runOnlyForDeploymentPostprocessing = 0;
		};
/* End PBXCopyFilesBuildPhase section */

/* Begin PBXFileReference section */
		709AF2CF0E19EBB6586A7FC5 /* Pods-ImageExportExtension.release.xcconfig */ = {isa = PBXFileReference; includeInIndex = 1; lastKnownFileType = text.xcconfig; name = "Pods-ImageExportExtension.release.xcconfig"; path = "Pods/Target Support Files/Pods-ImageExportExtension/Pods-ImageExportExtension.release.xcconfig"; sourceTree = "<group>"; };
		985F5DC2DA8BE36C46A89283 /* Pods-ImageExportExtension.debug.xcconfig */ = {isa = PBXFileReference; includeInIndex = 1; lastKnownFileType = text.xcconfig; name = "Pods-ImageExportExtension.debug.xcconfig"; path = "Pods/Target Support Files/Pods-ImageExportExtension/Pods-ImageExportExtension.debug.xcconfig"; sourceTree = "<group>"; };
		9F1292382139758A0028928D /* ImageExportExtension.app */ = {isa = PBXFileReference; explicitFileType = wrapper.application; includeInIndex = 0; path = ImageExportExtension.app; sourceTree = BUILT_PRODUCTS_DIR; };
		9F12923B2139758A0028928D /* AppDelegate.swift */ = {isa = PBXFileReference; lastKnownFileType = sourcecode.swift; path = AppDelegate.swift; sourceTree = "<group>"; };
		9F12923D2139758A0028928D /* ViewController.swift */ = {isa = PBXFileReference; lastKnownFileType = sourcecode.swift; path = ViewController.swift; sourceTree = "<group>"; };
		9F1292402139758A0028928D /* Base */ = {isa = PBXFileReference; lastKnownFileType = file.storyboard; name = Base; path = Base.lproj/Main.storyboard; sourceTree = "<group>"; };
		9F1292432139758A0028928D /* ImageExportExtension.xcdatamodel */ = {isa = PBXFileReference; lastKnownFileType = wrapper.xcdatamodel; path = ImageExportExtension.xcdatamodel; sourceTree = "<group>"; };
		9F1292452139758C0028928D /* Assets.xcassets */ = {isa = PBXFileReference; lastKnownFileType = folder.assetcatalog; path = Assets.xcassets; sourceTree = "<group>"; };
		9F1292482139758C0028928D /* Base */ = {isa = PBXFileReference; lastKnownFileType = file.storyboard; name = Base; path = Base.lproj/LaunchScreen.storyboard; sourceTree = "<group>"; };
		9F12924A2139758C0028928D /* Info.plist */ = {isa = PBXFileReference; lastKnownFileType = text.plist.xml; path = Info.plist; sourceTree = "<group>"; };
		9F129254213975B90028928D /* ImageExport.appex */ = {isa = PBXFileReference; explicitFileType = "wrapper.app-extension"; includeInIndex = 0; path = ImageExport.appex; sourceTree = BUILT_PRODUCTS_DIR; };
		9F129256213975B90028928D /* ShareViewController.swift */ = {isa = PBXFileReference; lastKnownFileType = sourcecode.swift; path = ShareViewController.swift; sourceTree = "<group>"; };
		9F129259213975B90028928D /* Base */ = {isa = PBXFileReference; lastKnownFileType = file.storyboard; name = Base; path = Base.lproj/MainInterface.storyboard; sourceTree = "<group>"; };
		9F12925B213975B90028928D /* Info.plist */ = {isa = PBXFileReference; lastKnownFileType = text.plist.xml; path = Info.plist; sourceTree = "<group>"; };
		9FB28DA5213BE9A8009AD231 /* ImageExportExtension.entitlements */ = {isa = PBXFileReference; lastKnownFileType = text.plist.entitlements; path = ImageExportExtension.entitlements; sourceTree = "<group>"; };
		9FC09516213EBC6E00749FEF /* ImageExport.entitlements */ = {isa = PBXFileReference; lastKnownFileType = text.plist.entitlements; path = ImageExport.entitlements; sourceTree = "<group>"; };
		A0BA507AB2D7EA27AAD1CA04 /* Pods-ImageExport.debug.xcconfig */ = {isa = PBXFileReference; includeInIndex = 1; lastKnownFileType = text.xcconfig; name = "Pods-ImageExport.debug.xcconfig"; path = "Pods/Target Support Files/Pods-ImageExport/Pods-ImageExport.debug.xcconfig"; sourceTree = "<group>"; };
		B0063BEBBF0BC6ADF56E6927 /* Pods-ImageExport.release.xcconfig */ = {isa = PBXFileReference; includeInIndex = 1; lastKnownFileType = text.xcconfig; name = "Pods-ImageExport.release.xcconfig"; path = "Pods/Target Support Files/Pods-ImageExport/Pods-ImageExport.release.xcconfig"; sourceTree = "<group>"; };
		EE918E03076DE48D183ED2AC /* Pods_ImageExportExtension.framework */ = {isa = PBXFileReference; explicitFileType = wrapper.framework; includeInIndex = 0; path = Pods_ImageExportExtension.framework; sourceTree = BUILT_PRODUCTS_DIR; };
		FA7BEAF64A190F763D1D3700 /* Pods_ImageExport.framework */ = {isa = PBXFileReference; explicitFileType = wrapper.framework; includeInIndex = 0; path = Pods_ImageExport.framework; sourceTree = BUILT_PRODUCTS_DIR; };
/* End PBXFileReference section */

/* Begin PBXFrameworksBuildPhase section */
		9F1292352139758A0028928D /* Frameworks */ = {
			isa = PBXFrameworksBuildPhase;
			buildActionMask = 2147483647;
			files = (
				B82CA0380FAAF2C3E0F9F3A2 /* Pods_ImageExportExtension.framework in Frameworks */,
			);
			runOnlyForDeploymentPostprocessing = 0;
		};
		9F129251213975B90028928D /* Frameworks */ = {
			isa = PBXFrameworksBuildPhase;
			buildActionMask = 2147483647;
			files = (
				4F38E207BDA38843F168502F /* Pods_ImageExport.framework in Frameworks */,
			);
			runOnlyForDeploymentPostprocessing = 0;
		};
/* End PBXFrameworksBuildPhase section */

/* Begin PBXGroup section */
		76A31C995CA1480586C3945D /* Pods */ = {
			isa = PBXGroup;
			children = (
				985F5DC2DA8BE36C46A89283 /* Pods-ImageExportExtension.debug.xcconfig */,
				709AF2CF0E19EBB6586A7FC5 /* Pods-ImageExportExtension.release.xcconfig */,
				A0BA507AB2D7EA27AAD1CA04 /* Pods-ImageExport.debug.xcconfig */,
				B0063BEBBF0BC6ADF56E6927 /* Pods-ImageExport.release.xcconfig */,
			);
			name = Pods;
			sourceTree = "<group>";
		};
		9F12922F2139758A0028928D = {
			isa = PBXGroup;
			children = (
				9F12923A2139758A0028928D /* ImageExportExtension */,
				9F129255213975B90028928D /* ImageExport */,
				9F1292392139758A0028928D /* Products */,
				76A31C995CA1480586C3945D /* Pods */,
				B9698AF0E153FACB322435DF /* Frameworks */,
			);
			sourceTree = "<group>";
		};
		9F1292392139758A0028928D /* Products */ = {
			isa = PBXGroup;
			children = (
				9F1292382139758A0028928D /* ImageExportExtension.app */,
				9F129254213975B90028928D /* ImageExport.appex */,
			);
			name = Products;
			sourceTree = "<group>";
		};
		9F12923A2139758A0028928D /* ImageExportExtension */ = {
			isa = PBXGroup;
			children = (
				9FB28DA5213BE9A8009AD231 /* ImageExportExtension.entitlements */,
				9F12923B2139758A0028928D /* AppDelegate.swift */,
				9F12923D2139758A0028928D /* ViewController.swift */,
				9F12923F2139758A0028928D /* Main.storyboard */,
				9F1292452139758C0028928D /* Assets.xcassets */,
				9F1292472139758C0028928D /* LaunchScreen.storyboard */,
				9F12924A2139758C0028928D /* Info.plist */,
				9F1292422139758A0028928D /* ImageExportExtension.xcdatamodeld */,
			);
			path = ImageExportExtension;
			sourceTree = "<group>";
		};
		9F129255213975B90028928D /* ImageExport */ = {
			isa = PBXGroup;
			children = (
				9FC09516213EBC6E00749FEF /* ImageExport.entitlements */,
				9F129256213975B90028928D /* ShareViewController.swift */,
				9F129258213975B90028928D /* MainInterface.storyboard */,
				9F12925B213975B90028928D /* Info.plist */,
			);
			path = ImageExport;
			sourceTree = "<group>";
		};
		B9698AF0E153FACB322435DF /* Frameworks */ = {
			isa = PBXGroup;
			children = (
				EE918E03076DE48D183ED2AC /* Pods_ImageExportExtension.framework */,
				FA7BEAF64A190F763D1D3700 /* Pods_ImageExport.framework */,
			);
			name = Frameworks;
			sourceTree = "<group>";
		};
/* End PBXGroup section */

/* Begin PBXNativeTarget section */
		9F1292372139758A0028928D /* ImageExportExtension */ = {
			isa = PBXNativeTarget;
			buildConfigurationList = 9F12924D2139758C0028928D /* Build configuration list for PBXNativeTarget "ImageExportExtension" */;
			buildPhases = (
				D914DD60459EFC8F2D7EB849 /* [CP] Check Pods Manifest.lock */,
				9F1292342139758A0028928D /* Sources */,
				9F1292352139758A0028928D /* Frameworks */,
				9F1292362139758A0028928D /* Resources */,
				9F129262213975B90028928D /* Embed App Extensions */,
				083DC68F69294AE18B47ABC2 /* [CP] Embed Pods Frameworks */,
			);
			buildRules = (
			);
			dependencies = (
				9F12925D213975B90028928D /* PBXTargetDependency */,
			);
			name = ImageExportExtension;
			productName = ImageExportExtension;
			productReference = 9F1292382139758A0028928D /* ImageExportExtension.app */;
			productType = "com.apple.product-type.application";
		};
		9F129253213975B90028928D /* ImageExport */ = {
			isa = PBXNativeTarget;
			buildConfigurationList = 9F12925F213975B90028928D /* Build configuration list for PBXNativeTarget "ImageExport" */;
			buildPhases = (
				92FEC53E833E58E232C1B9A3 /* [CP] Check Pods Manifest.lock */,
				9F129250213975B90028928D /* Sources */,
				9F129251213975B90028928D /* Frameworks */,
				9F129252213975B90028928D /* Resources */,
			);
			buildRules = (
			);
			dependencies = (
			);
			name = ImageExport;
			productName = ImageExport;
			productReference = 9F129254213975B90028928D /* ImageExport.appex */;
			productType = "com.apple.product-type.app-extension";
		};
/* End PBXNativeTarget section */

/* Begin PBXProject section */
		9F1292302139758A0028928D /* Project object */ = {
			isa = PBXProject;
			attributes = {
				LastSwiftUpdateCheck = 0940;
				LastUpgradeCheck = 0940;
				ORGANIZATIONNAME = "KyungYoung Heo";
				TargetAttributes = {
					9F1292372139758A0028928D = {
						CreatedOnToolsVersion = 9.4.1;
						SystemCapabilities = {
							com.apple.ApplicationGroups.iOS = {
								enabled = 1;
							};
						};
					};
					9F129253213975B90028928D = {
						CreatedOnToolsVersion = 9.4.1;
						SystemCapabilities = {
							com.apple.ApplicationGroups.iOS = {
								enabled = 1;
							};
						};
					};
				};
			};
			buildConfigurationList = 9F1292332139758A0028928D /* Build configuration list for PBXProject "ImageExportExtension" */;
			compatibilityVersion = "Xcode 9.3";
			developmentRegion = en;
			hasScannedForEncodings = 0;
			knownRegions = (
				en,
				Base,
			);
			mainGroup = 9F12922F2139758A0028928D;
			productRefGroup = 9F1292392139758A0028928D /* Products */;
			projectDirPath = "";
			projectRoot = "";
			targets = (
				9F1292372139758A0028928D /* ImageExportExtension */,
				9F129253213975B90028928D /* ImageExport */,
			);
		};
/* End PBXProject section */

/* Begin PBXResourcesBuildPhase section */
		9F1292362139758A0028928D /* Resources */ = {
			isa = PBXResourcesBuildPhase;
			buildActionMask = 2147483647;
			files = (
				9F1292492139758C0028928D /* LaunchScreen.storyboard in Resources */,
				9F1292462139758C0028928D /* Assets.xcassets in Resources */,
				9F1292412139758A0028928D /* Main.storyboard in Resources */,
			);
			runOnlyForDeploymentPostprocessing = 0;
		};
		9F129252213975B90028928D /* Resources */ = {
			isa = PBXResourcesBuildPhase;
			buildActionMask = 2147483647;
			files = (
				9F12925A213975B90028928D /* MainInterface.storyboard in Resources */,
			);
			runOnlyForDeploymentPostprocessing = 0;
		};
/* End PBXResourcesBuildPhase section */

/* Begin PBXShellScriptBuildPhase section */
		083DC68F69294AE18B47ABC2 /* [CP] Embed Pods Frameworks */ = {
			isa = PBXShellScriptBuildPhase;
			buildActionMask = 2147483647;
			files = (
			);
			inputPaths = (
				"${SRCROOT}/Pods/Target Support Files/Pods-ImageExportExtension/Pods-ImageExportExtension-frameworks.sh",
				"${BUILT_PRODUCTS_DIR}/Alamofire/Alamofire.framework",
			);
			name = "[CP] Embed Pods Frameworks";
			outputPaths = (
				"${TARGET_BUILD_DIR}/${FRAMEWORKS_FOLDER_PATH}/Alamofire.framework",
			);
			runOnlyForDeploymentPostprocessing = 0;
			shellPath = /bin/sh;
			shellScript = "\"${SRCROOT}/Pods/Target Support Files/Pods-ImageExportExtension/Pods-ImageExportExtension-frameworks.sh\"\n";
			showEnvVarsInLog = 0;
		};
		92FEC53E833E58E232C1B9A3 /* [CP] Check Pods Manifest.lock */ = {
			isa = PBXShellScriptBuildPhase;
			buildActionMask = 2147483647;
			files = (
			);
			inputPaths = (
				"${PODS_PODFILE_DIR_PATH}/Podfile.lock",
				"${PODS_ROOT}/Manifest.lock",
			);
			name = "[CP] Check Pods Manifest.lock";
			outputPaths = (
				"$(DERIVED_FILE_DIR)/Pods-ImageExport-checkManifestLockResult.txt",
			);
			runOnlyForDeploymentPostprocessing = 0;
			shellPath = /bin/sh;
			shellScript = "diff \"${PODS_PODFILE_DIR_PATH}/Podfile.lock\" \"${PODS_ROOT}/Manifest.lock\" > /dev/null\nif [ $? != 0 ] ; then\n    # print error to STDERR\n    echo \"error: The sandbox is not in sync with the Podfile.lock. Run 'pod install' or update your CocoaPods installation.\" >&2\n    exit 1\nfi\n# This output is used by Xcode 'outputs' to avoid re-running this script phase.\necho \"SUCCESS\" > \"${SCRIPT_OUTPUT_FILE_0}\"\n";
			showEnvVarsInLog = 0;
		};
		D914DD60459EFC8F2D7EB849 /* [CP] Check Pods Manifest.lock */ = {
			isa = PBXShellScriptBuildPhase;
			buildActionMask = 2147483647;
			files = (
			);
			inputPaths = (
				"${PODS_PODFILE_DIR_PATH}/Podfile.lock",
				"${PODS_ROOT}/Manifest.lock",
			);
			name = "[CP] Check Pods Manifest.lock";
			outputPaths = (
				"$(DERIVED_FILE_DIR)/Pods-ImageExportExtension-checkManifestLockResult.txt",
			);
			runOnlyForDeploymentPostprocessing = 0;
			shellPath = /bin/sh;
			shellScript = "diff \"${PODS_PODFILE_DIR_PATH}/Podfile.lock\" \"${PODS_ROOT}/Manifest.lock\" > /dev/null\nif [ $? != 0 ] ; then\n    # print error to STDERR\n    echo \"error: The sandbox is not in sync with the Podfile.lock. Run 'pod install' or update your CocoaPods installation.\" >&2\n    exit 1\nfi\n# This output is used by Xcode 'outputs' to avoid re-running this script phase.\necho \"SUCCESS\" > \"${SCRIPT_OUTPUT_FILE_0}\"\n";
			showEnvVarsInLog = 0;
		};
/* End PBXShellScriptBuildPhase section */

/* Begin PBXSourcesBuildPhase section */
		9F1292342139758A0028928D /* Sources */ = {
			isa = PBXSourcesBuildPhase;
			buildActionMask = 2147483647;
			files = (
				9F1292442139758A0028928D /* ImageExportExtension.xcdatamodeld in Sources */,
				9F12923E2139758A0028928D /* ViewController.swift in Sources */,
				9F12923C2139758A0028928D /* AppDelegate.swift in Sources */,
			);
			runOnlyForDeploymentPostprocessing = 0;
		};
		9F129250213975B90028928D /* Sources */ = {
			isa = PBXSourcesBuildPhase;
			buildActionMask = 2147483647;
			files = (
				9F129257213975B90028928D /* ShareViewController.swift in Sources */,
			);
			runOnlyForDeploymentPostprocessing = 0;
		};
/* End PBXSourcesBuildPhase section */

/* Begin PBXTargetDependency section */
		9F12925D213975B90028928D /* PBXTargetDependency */ = {
			isa = PBXTargetDependency;
			target = 9F129253213975B90028928D /* ImageExport */;
			targetProxy = 9F12925C213975B90028928D /* PBXContainerItemProxy */;
		};
/* End PBXTargetDependency section */

/* Begin PBXVariantGroup section */
		9F12923F2139758A0028928D /* Main.storyboard */ = {
			isa = PBXVariantGroup;
			children = (
				9F1292402139758A0028928D /* Base */,
			);
			name = Main.storyboard;
			sourceTree = "<group>";
		};
		9F1292472139758C0028928D /* LaunchScreen.storyboard */ = {
			isa = PBXVariantGroup;
			children = (
				9F1292482139758C0028928D /* Base */,
			);
			name = LaunchScreen.storyboard;
			sourceTree = "<group>";
		};
		9F129258213975B90028928D /* MainInterface.storyboard */ = {
			isa = PBXVariantGroup;
			children = (
				9F129259213975B90028928D /* Base */,
			);
			name = MainInterface.storyboard;
			sourceTree = "<group>";
		};
/* End PBXVariantGroup section */

/* Begin XCBuildConfiguration section */
		9F12924B2139758C0028928D /* Debug */ = {
			isa = XCBuildConfiguration;
			buildSettings = {
				ALWAYS_SEARCH_USER_PATHS = NO;
				CLANG_ANALYZER_NONNULL = YES;
				CLANG_ANALYZER_NUMBER_OBJECT_CONVERSION = YES_AGGRESSIVE;
				CLANG_CXX_LANGUAGE_STANDARD = "gnu++14";
				CLANG_CXX_LIBRARY = "libc++";
				CLANG_ENABLE_MODULES = YES;
				CLANG_ENABLE_OBJC_ARC = YES;
				CLANG_ENABLE_OBJC_WEAK = YES;
				CLANG_WARN_BLOCK_CAPTURE_AUTORELEASING = YES;
				CLANG_WARN_BOOL_CONVERSION = YES;
				CLANG_WARN_COMMA = YES;
				CLANG_WARN_CONSTANT_CONVERSION = YES;
				CLANG_WARN_DEPRECATED_OBJC_IMPLEMENTATIONS = YES;
				CLANG_WARN_DIRECT_OBJC_ISA_USAGE = YES_ERROR;
				CLANG_WARN_DOCUMENTATION_COMMENTS = YES;
				CLANG_WARN_EMPTY_BODY = YES;
				CLANG_WARN_ENUM_CONVERSION = YES;
				CLANG_WARN_INFINITE_RECURSION = YES;
				CLANG_WARN_INT_CONVERSION = YES;
				CLANG_WARN_NON_LITERAL_NULL_CONVERSION = YES;
				CLANG_WARN_OBJC_IMPLICIT_RETAIN_SELF = YES;
				CLANG_WARN_OBJC_LITERAL_CONVERSION = YES;
				CLANG_WARN_OBJC_ROOT_CLASS = YES_ERROR;
				CLANG_WARN_RANGE_LOOP_ANALYSIS = YES;
				CLANG_WARN_STRICT_PROTOTYPES = YES;
				CLANG_WARN_SUSPICIOUS_MOVE = YES;
				CLANG_WARN_UNGUARDED_AVAILABILITY = YES_AGGRESSIVE;
				CLANG_WARN_UNREACHABLE_CODE = YES;
				CLANG_WARN__DUPLICATE_METHOD_MATCH = YES;
				CODE_SIGN_IDENTITY = "iPhone Developer";
				COPY_PHASE_STRIP = NO;
				DEBUG_INFORMATION_FORMAT = dwarf;
				ENABLE_STRICT_OBJC_MSGSEND = YES;
				ENABLE_TESTABILITY = YES;
				GCC_C_LANGUAGE_STANDARD = gnu11;
				GCC_DYNAMIC_NO_PIC = NO;
				GCC_NO_COMMON_BLOCKS = YES;
				GCC_OPTIMIZATION_LEVEL = 0;
				GCC_PREPROCESSOR_DEFINITIONS = (
					"DEBUG=1",
					"$(inherited)",
				);
				GCC_WARN_64_TO_32_BIT_CONVERSION = YES;
				GCC_WARN_ABOUT_RETURN_TYPE = YES_ERROR;
				GCC_WARN_UNDECLARED_SELECTOR = YES;
				GCC_WARN_UNINITIALIZED_AUTOS = YES_AGGRESSIVE;
				GCC_WARN_UNUSED_FUNCTION = YES;
				GCC_WARN_UNUSED_VARIABLE = YES;
				IPHONEOS_DEPLOYMENT_TARGET = 11.4;
				MTL_ENABLE_DEBUG_INFO = YES;
				ONLY_ACTIVE_ARCH = YES;
				SDKROOT = iphoneos;
				SWIFT_ACTIVE_COMPILATION_CONDITIONS = DEBUG;
				SWIFT_OPTIMIZATION_LEVEL = "-Onone";
			};
			name = Debug;
		};
		9F12924C2139758C0028928D /* Release */ = {
			isa = XCBuildConfiguration;
			buildSettings = {
				ALWAYS_SEARCH_USER_PATHS = NO;
				CLANG_ANALYZER_NONNULL = YES;
				CLANG_ANALYZER_NUMBER_OBJECT_CONVERSION = YES_AGGRESSIVE;
				CLANG_CXX_LANGUAGE_STANDARD = "gnu++14";
				CLANG_CXX_LIBRARY = "libc++";
				CLANG_ENABLE_MODULES = YES;
				CLANG_ENABLE_OBJC_ARC = YES;
				CLANG_ENABLE_OBJC_WEAK = YES;
				CLANG_WARN_BLOCK_CAPTURE_AUTORELEASING = YES;
				CLANG_WARN_BOOL_CONVERSION = YES;
				CLANG_WARN_COMMA = YES;
				CLANG_WARN_CONSTANT_CONVERSION = YES;
				CLANG_WARN_DEPRECATED_OBJC_IMPLEMENTATIONS = YES;
				CLANG_WARN_DIRECT_OBJC_ISA_USAGE = YES_ERROR;
				CLANG_WARN_DOCUMENTATION_COMMENTS = YES;
				CLANG_WARN_EMPTY_BODY = YES;
				CLANG_WARN_ENUM_CONVERSION = YES;
				CLANG_WARN_INFINITE_RECURSION = YES;
				CLANG_WARN_INT_CONVERSION = YES;
				CLANG_WARN_NON_LITERAL_NULL_CONVERSION = YES;
				CLANG_WARN_OBJC_IMPLICIT_RETAIN_SELF = YES;
				CLANG_WARN_OBJC_LITERAL_CONVERSION = YES;
				CLANG_WARN_OBJC_ROOT_CLASS = YES_ERROR;
				CLANG_WARN_RANGE_LOOP_ANALYSIS = YES;
				CLANG_WARN_STRICT_PROTOTYPES = YES;
				CLANG_WARN_SUSPICIOUS_MOVE = YES;
				CLANG_WARN_UNGUARDED_AVAILABILITY = YES_AGGRESSIVE;
				CLANG_WARN_UNREACHABLE_CODE = YES;
				CLANG_WARN__DUPLICATE_METHOD_MATCH = YES;
				CODE_SIGN_IDENTITY = "iPhone Developer";
				COPY_PHASE_STRIP = NO;
				DEBUG_INFORMATION_FORMAT = "dwarf-with-dsym";
				ENABLE_NS_ASSERTIONS = NO;
				ENABLE_STRICT_OBJC_MSGSEND = YES;
				GCC_C_LANGUAGE_STANDARD = gnu11;
				GCC_NO_COMMON_BLOCKS = YES;
				GCC_WARN_64_TO_32_BIT_CONVERSION = YES;
				GCC_WARN_ABOUT_RETURN_TYPE = YES_ERROR;
				GCC_WARN_UNDECLARED_SELECTOR = YES;
				GCC_WARN_UNINITIALIZED_AUTOS = YES_AGGRESSIVE;
				GCC_WARN_UNUSED_FUNCTION = YES;
				GCC_WARN_UNUSED_VARIABLE = YES;
				IPHONEOS_DEPLOYMENT_TARGET = 11.4;
				MTL_ENABLE_DEBUG_INFO = NO;
				SDKROOT = iphoneos;
				SWIFT_COMPILATION_MODE = wholemodule;
				SWIFT_OPTIMIZATION_LEVEL = "-O";
				VALIDATE_PRODUCT = YES;
			};
			name = Release;
		};
		9F12924E2139758C0028928D /* Debug */ = {
			isa = XCBuildConfiguration;
			baseConfigurationReference = 985F5DC2DA8BE36C46A89283 /* Pods-ImageExportExtension.debug.xcconfig */;
			buildSettings = {
				ALWAYS_EMBED_SWIFT_STANDARD_LIBRARIES = YES;
				ASSETCATALOG_COMPILER_APPICON_NAME = AppIcon;
				CODE_SIGN_ENTITLEMENTS = ImageExportExtension/ImageExportExtension.entitlements;
				CODE_SIGN_STYLE = Automatic;
				DEVELOPMENT_TEAM = 8ZMC86H7GX;
				INFOPLIST_FILE = ImageExportExtension/Info.plist;
				LD_RUNPATH_SEARCH_PATHS = (
					"$(inherited)",
					"@executable_path/Frameworks",
				);
				PRODUCT_BUNDLE_IDENTIFIER = bbvch13531.ImageExportExtension;
				PRODUCT_NAME = "$(TARGET_NAME)";
				SWIFT_VERSION = 4.0;
				TARGETED_DEVICE_FAMILY = "1,2";
			};
			name = Debug;
		};
		9F12924F2139758C0028928D /* Release */ = {
			isa = XCBuildConfiguration;
			baseConfigurationReference = 709AF2CF0E19EBB6586A7FC5 /* Pods-ImageExportExtension.release.xcconfig */;
			buildSettings = {
				ALWAYS_EMBED_SWIFT_STANDARD_LIBRARIES = YES;
				ASSETCATALOG_COMPILER_APPICON_NAME = AppIcon;
				CODE_SIGN_ENTITLEMENTS = ImageExportExtension/ImageExportExtension.entitlements;
				CODE_SIGN_STYLE = Automatic;
				DEVELOPMENT_TEAM = 8ZMC86H7GX;
				INFOPLIST_FILE = ImageExportExtension/Info.plist;
				LD_RUNPATH_SEARCH_PATHS = (
					"$(inherited)",
					"@executable_path/Frameworks",
				);
				PRODUCT_BUNDLE_IDENTIFIER = bbvch13531.ImageExportExtension;
				PRODUCT_NAME = "$(TARGET_NAME)";
				SWIFT_VERSION = 4.0;
				TARGETED_DEVICE_FAMILY = "1,2";
			};
			name = Release;
		};
		9F129260213975B90028928D /* Debug */ = {
			isa = XCBuildConfiguration;
			baseConfigurationReference = A0BA507AB2D7EA27AAD1CA04 /* Pods-ImageExport.debug.xcconfig */;
			buildSettings = {
				CODE_SIGN_ENTITLEMENTS = ImageExport/ImageExport.entitlements;
				CODE_SIGN_STYLE = Automatic;
				DEVELOPMENT_TEAM = 8ZMC86H7GX;
				INFOPLIST_FILE = ImageExport/Info.plist;
				LD_RUNPATH_SEARCH_PATHS = (
					"$(inherited)",
					"@executable_path/Frameworks",
					"@executable_path/../../Frameworks",
				);
				PRODUCT_BUNDLE_IDENTIFIER = bbvch13531.ImageExportExtension.ImageExport;
				PRODUCT_NAME = "$(TARGET_NAME)";
				SKIP_INSTALL = YES;
				SWIFT_VERSION = 4.0;
				TARGETED_DEVICE_FAMILY = "1,2";
			};
			name = Debug;
		};
		9F129261213975B90028928D /* Release */ = {
			isa = XCBuildConfiguration;
			baseConfigurationReference = B0063BEBBF0BC6ADF56E6927 /* Pods-ImageExport.release.xcconfig */;
			buildSettings = {
				CODE_SIGN_ENTITLEMENTS = ImageExport/ImageExport.entitlements;
				CODE_SIGN_STYLE = Automatic;
				DEVELOPMENT_TEAM = 8ZMC86H7GX;
				INFOPLIST_FILE = ImageExport/Info.plist;
				LD_RUNPATH_SEARCH_PATHS = (
					"$(inherited)",
					"@executable_path/Frameworks",
					"@executable_path/../../Frameworks",
				);
				PRODUCT_BUNDLE_IDENTIFIER = bbvch13531.ImageExportExtension.ImageExport;
				PRODUCT_NAME = "$(TARGET_NAME)";
				SKIP_INSTALL = YES;
				SWIFT_VERSION = 4.0;
				TARGETED_DEVICE_FAMILY = "1,2";
			};
			name = Release;
		};
/* End XCBuildConfiguration section */

/* Begin XCConfigurationList section */
		9F1292332139758A0028928D /* Build configuration list for PBXProject "ImageExportExtension" */ = {
			isa = XCConfigurationList;
			buildConfigurations = (
				9F12924B2139758C0028928D /* Debug */,
				9F12924C2139758C0028928D /* Release */,
			);
			defaultConfigurationIsVisible = 0;
			defaultConfigurationName = Release;
		};
		9F12924D2139758C0028928D /* Build configuration list for PBXNativeTarget "ImageExportExtension" */ = {
			isa = XCConfigurationList;
			buildConfigurations = (
				9F12924E2139758C0028928D /* Debug */,
				9F12924F2139758C0028928D /* Release */,
			);
			defaultConfigurationIsVisible = 0;
			defaultConfigurationName = Release;
		};
		9F12925F213975B90028928D /* Build configuration list for PBXNativeTarget "ImageExport" */ = {
			isa = XCConfigurationList;
			buildConfigurations = (
				9F129260213975B90028928D /* Debug */,
				9F129261213975B90028928D /* Release */,
			);
			defaultConfigurationIsVisible = 0;
			defaultConfigurationName = Release;
		};
/* End XCConfigurationList section */

/* Begin XCVersionGroup section */
		9F1292422139758A0028928D /* ImageExportExtension.xcdatamodeld */ = {
			isa = XCVersionGroup;
			children = (
				9F1292432139758A0028928D /* ImageExportExtension.xcdatamodel */,
			);
			currentVersion = 9F1292432139758A0028928D /* ImageExportExtension.xcdatamodel */;
			path = ImageExportExtension.xcdatamodeld;
			sourceTree = "<group>";
			versionGroupType = wrapper.xcdatamodel;
		};
/* End XCVersionGroup section */
	};
	rootObject = 9F1292302139758A0028928D /* Project object */;
}
